
Microsoft Visual Studio Solution File, Format Version 12.00
# Visual Studio Version 17
VisualStudioVersion = 17.0.31611.283
MinimumVisualStudioVersion = 10.0.40219.1
Project("{2150E333-8FDC-42A3-9474-1A3956D46DE8}") = "Maui", "Maui", "{7D57FCE9-BFF9-4DBA-AC99-9767F2206F14}"
EndProject
Project("{2150E333-8FDC-42A3-9474-1A3956D46DE8}") = "XamarinForms", "XamarinForms", "{1CFB1DB7-DF22-40F0-BA8A-C2E79DAACEA6}"
EndProject
Project("{FAE04EC0-301F-11D3-BF4B-00C04F79EFBC}") = "App1.Android", "App1\App1.Android\App1.Android.csproj", "{B9907B53-CF97-4EDE-9CFA-18D62CF70F9F}"
EndProject
Project("{FAE04EC0-301F-11D3-BF4B-00C04F79EFBC}") = "App1.iOS", "App1\App1.iOS\App1.iOS.csproj", "{498ACDA1-4C4C-4EA7-A4AC-A284F046B135}"
EndProject
Project("{9A19103F-16F7-4668-BE54-9A1E7A4F7556}") = "App1", "App1\App1\App1.csproj", "{6B96B630-8632-40E8-947C-516367628010}"
EndProject
Project("{FAE04EC0-301F-11D3-BF4B-00C04F79EFBC}") = "MauiApp1", "MauiApp1\MauiApp1.csproj", "{F0404491-D167-4691-B036-1C0963840011}"
EndProject
Global
	GlobalSection(SolutionConfigurationPlatforms) = preSolution
		Debug|Any CPU = Debug|Any CPU
		Debug|iPhone = Debug|iPhone
		Debug|iPhoneSimulator = Debug|iPhoneSimulator
		Release|Any CPU = Release|Any CPU
		Release|iPhone = Release|iPhone
		Release|iPhoneSimulator = Release|iPhoneSimulator
	EndGlobalSection
	GlobalSection(ProjectConfigurationPlatforms) = postSolution
		{B9907B53-CF97-4EDE-9CFA-18D62CF70F9F}.Debug|Any CPU.ActiveCfg = Debug|Any CPU
		{B9907B53-CF97-4EDE-9CFA-18D62CF70F9F}.Debug|Any CPU.Build.0 = Debug|Any CPU
		{B9907B53-CF97-4EDE-9CFA-18D62CF70F9F}.Debug|Any CPU.Deploy.0 = Debug|Any CPU
		{B9907B53-CF97-4EDE-9CFA-18D62CF70F9F}.Debug|iPhone.ActiveCfg = Debug|Any CPU
		{B9907B53-CF97-4EDE-9CFA-18D62CF70F9F}.Debug|iPhone.Build.0 = Debug|Any CPU
		{B9907B53-CF97-4EDE-9CFA-18D62CF70F9F}.Debug|iPhone.Deploy.0 = Debug|Any CPU
		{B9907B53-CF97-4EDE-9CFA-18D62CF70F9F}.Debug|iPhoneSimulator.ActiveCfg = Debug|Any CPU
		{B9907B53-CF97-4EDE-9CFA-18D62CF70F9F}.Debug|iPhoneSimulator.Build.0 = Debug|Any CPU
		{B9907B53-CF97-4EDE-9CFA-18D62CF70F9F}.Debug|iPhoneSimulator.Deploy.0 = Debug|Any CPU
		{B9907B53-CF97-4EDE-9CFA-18D62CF70F9F}.Release|Any CPU.ActiveCfg = Release|Any CPU
		{B9907B53-CF97-4EDE-9CFA-18D62CF70F9F}.Release|Any CPU.Build.0 = Release|Any CPU
		{B9907B53-CF97-4EDE-9CFA-18D62CF70F9F}.Release|Any CPU.Deploy.0 = Release|Any CPU
		{B9907B53-CF97-4EDE-9CFA-18D62CF70F9F}.Release|iPhone.ActiveCfg = Release|Any CPU
		{B9907B53-CF97-4EDE-9CFA-18D62CF70F9F}.Release|iPhone.Build.0 = Release|Any CPU
		{B9907B53-CF97-4EDE-9CFA-18D62CF70F9F}.Release|iPhone.Deploy.0 = Release|Any CPU
		{B9907B53-CF97-4EDE-9CFA-18D62CF70F9F}.Release|iPhoneSimulator.ActiveCfg = Release|Any CPU
		{B9907B53-CF97-4EDE-9CFA-18D62CF70F9F}.Release|iPhoneSimulator.Build.0 = Release|Any CPU
		{B9907B53-CF97-4EDE-9CFA-18D62CF70F9F}.Release|iPhoneSimulator.Deploy.0 = Release|Any CPU
		{498ACDA1-4C4C-4EA7-A4AC-A284F046B135}.Debug|Any CPU.ActiveCfg = Debug|iPhoneSimulator
		{498ACDA1-4C4C-4EA7-A4AC-A284F046B135}.Debug|Any CPU.Build.0 = Debug|iPhoneSimulator
		{498ACDA1-4C4C-4EA7-A4AC-A284F046B135}.Debug|iPhone.ActiveCfg = Debug|iPhone
		{498ACDA1-4C4C-4EA7-A4AC-A284F046B135}.Debug|iPhone.Build.0 = Debug|iPhone
		{498ACDA1-4C4C-4EA7-A4AC-A284F046B135}.Debug|iPhoneSimulator.ActiveCfg = Debug|iPhoneSimulator
		{498ACDA1-4C4C-4EA7-A4AC-A284F046B135}.Debug|iPhoneSimulator.Build.0 = Debug|iPhoneSimulator
		{498ACDA1-4C4C-4EA7-A4AC-A284F046B135}.Release|Any CPU.ActiveCfg = Release|iPhoneSimulator
		{498ACDA1-4C4C-4EA7-A4AC-A284F046B135}.Release|Any CPU.Build.0 = Release|iPhoneSimulator
		{498ACDA1-4C4C-4EA7-A4AC-A284F046B135}.Release|iPhone.ActiveCfg = Release|iPhone
		{498ACDA1-4C4C-4EA7-A4AC-A284F046B135}.Release|iPhone.Build.0 = Release|iPhone
		{498ACDA1-4C4C-4EA7-A4AC-A284F046B135}.Release|iPhoneSimulator.ActiveCfg = Release|iPhoneSimulator
		{498ACDA1-4C4C-4EA7-A4AC-A284F046B135}.Release|iPhoneSimulator.Build.0 = Release|iPhoneSimulator
		{6B96B630-8632-40E8-947C-516367628010}.Debug|Any CPU.ActiveCfg = Debug|Any CPU
		{6B96B630-8632-40E8-947C-516367628010}.Debug|Any CPU.Build.0 = Debug|Any CPU
		{6B96B630-8632-40E8-947C-516367628010}.Debug|iPhone.ActiveCfg = Debug|Any CPU
		{6B96B630-8632-40E8-947C-516367628010}.Debug|iPhone.Build.0 = Debug|Any CPU
		{6B96B630-8632-40E8-947C-516367628010}.Debug|iPhoneSimulator.ActiveCfg = Debug|Any CPU
		{6B96B630-8632-40E8-947C-516367628010}.Debug|iPhoneSimulator.Build.0 = Debug|Any CPU
		{6B96B630-8632-40E8-947C-516367628010}.Release|Any CPU.ActiveCfg = Release|Any CPU
		{6B96B630-8632-40E8-947C-516367628010}.Release|Any CPU.Build.0 = Release|Any CPU
		{6B96B630-8632-40E8-947C-516367628010}.Release|iPhone.ActiveCfg = Release|Any CPU
		{6B96B630-8632-40E8-947C-516367628010}.Release|iPhone.Build.0 = Release|Any CPU
		{6B96B630-8632-40E8-947C-516367628010}.Release|iPhoneSimulator.ActiveCfg = Release|Any CPU
		{6B96B630-8632-40E8-947C-516367628010}.Release|iPhoneSimulator.Build.0 = Release|Any CPU
		{F0404491-D167-4691-B036-1C0963840011}.Debug|Any CPU.ActiveCfg = Debug|Any CPU
		{F0404491-D167-4691-B036-1C0963840011}.Debug|Any CPU.Build.0 = Debug|Any CPU
		{F0404491-D167-4691-B036-1C0963840011}.Debug|Any CPU.Deploy.0 = Debug|Any CPU
		{F0404491-D167-4691-B036-1C0963840011}.Debug|iPhone.ActiveCfg = Debug|Any CPU
		{F0404491-D167-4691-B036-1C0963840011}.Debug|iPhone.Build.0 = Debug|Any CPU
		{F0404491-D167-4691-B036-1C0963840011}.Debug|iPhone.Deploy.0 = Debug|Any CPU
		{F0404491-D167-4691-B036-1C0963840011}.Debug|iPhoneSimulator.ActiveCfg = Debug|Any CPU
		{F0404491-D167-4691-B036-1C0963840011}.Debug|iPhoneSimulator.Build.0 = Debug|Any CPU
		{F0404491-D167-4691-B036-1C0963840011}.Debug|iPhoneSimulator.Deploy.0 = Debug|Any CPU
		{F0404491-D167-4691-B036-1C0963840011}.Release|Any CPU.ActiveCfg = Release|Any CPU
		{F0404491-D167-4691-B036-1C0963840011}.Release|Any CPU.Build.0 = Release|Any CPU
		{F0404491-D167-4691-B036-1C0963840011}.Release|Any CPU.Deploy.0 = Release|Any CPU
		{F0404491-D167-4691-B036-1C0963840011}.Release|iPhone.ActiveCfg = Release|Any CPU
		{F0404491-D167-4691-B036-1C0963840011}.Release|iPhone.Build.0 = Release|Any CPU
		{F0404491-D167-4691-B036-1C0963840011}.Release|iPhone.Deploy.0 = Release|Any CPU
		{F0404491-D167-4691-B036-1C0963840011}.Release|iPhoneSimulator.ActiveCfg = Release|Any CPU
		{F0404491-D167-4691-B036-1C0963840011}.Release|iPhoneSimulator.Build.0 = Release|Any CPU
		{F0404491-D167-4691-B036-1C0963840011}.Release|iPhoneSimulator.Deploy.0 = Release|Any CPU
	EndGlobalSection
	GlobalSection(SolutionProperties) = preSolution
		HideSolutionNode = FALSE
	EndGlobalSection
	GlobalSection(NestedProjects) = preSolution
		{B9907B53-CF97-4EDE-9CFA-18D62CF70F9F} = {1CFB1DB7-DF22-40F0-BA8A-C2E79DAACEA6}
		{498ACDA1-4C4C-4EA7-A4AC-A284F046B135} = {1CFB1DB7-DF22-40F0-BA8A-C2E79DAACEA6}
		{6B96B630-8632-40E8-947C-516367628010} = {1CFB1DB7-DF22-40F0-BA8A-C2E79DAACEA6}
		{F0404491-D167-4691-B036-1C0963840011} = {7D57FCE9-BFF9-4DBA-AC99-9767F2206F14}
	EndGlobalSection
	GlobalSection(ExtensibilityGlobals) = postSolution
		SolutionGuid = {61F7FB11-1E47-470C-91E2-47F8143E1572}
	EndGlobalSection
EndGlobal
